
Microsoft Visual Studio Solution File, Format Version 12.00
# Visual Studio Version 16
VisualStudioVersion = 16.0.30330.147
MinimumVisualStudioVersion = 10.0.40219.1
Project("{FAE04EC0-301F-11D3-BF4B-00C04F79EFBC}") = "CustomersWebSite", "CustomersWebSite\CustomersWebSite.csproj", "{734F2DE2-3016-4306-9B1E-69F62456CAF5}"
EndProject
Global
	GlobalSection(SolutionConfigurationPlatforms) = preSolution
		Debug|Any CPU = Debug|Any CPU
		Release|Any CPU = Release|Any CPU
	EndGlobalSection
	GlobalSection(ProjectConfigurationPlatforms) = postSolution
		{734F2DE2-3016-4306-9B1E-69F62456CAF5}.Debug|Any CPU.ActiveCfg = Debug|Any CPU
		{734F2DE2-3016-4306-9B1E-69F62456CAF5}.Debug|Any CPU.Build.0 = Debug|Any CPU
		{734F2DE2-3016-4306-9B1E-69F62456CAF5}.Release|Any CPU.ActiveCfg = Release|Any CPU
		{734F2DE2-3016-4306-9B1E-69F62456CAF5}.Release|Any CPU.Build.0 = Release|Any CPU
	EndGlobalSection
	GlobalSection(SolutionProperties) = preSolution
		HideSolutionNode = FALSE
	EndGlobalSection
	GlobalSection(ExtensibilityGlobals) = postSolution
		SolutionGuid = {2790F7AE-71EE-47A9-BE2B-CAD58279E224}
	EndGlobalSection
EndGlobal
